
Microsoft Visual Studio Solution File, Format Version 12.00
# Visual Studio 2013
VisualStudioVersion = 12.0.40629.0
MinimumVisualStudioVersion = 10.0.40219.1
Project("{FAE04EC0-301F-11D3-BF4B-00C04F79EFBC}") = "DivideProject", "DivideProject\DivideProject.csproj", "{4EE384A5-A94C-4E1E-856F-591D63138ACE}"
EndProject
Project("{FAE04EC0-301F-11D3-BF4B-00C04F79EFBC}") = "UnitTestDivision", "UnitTestDivision\UnitTestDivision.csproj", "{E97D5A9E-051F-467E-962A-63CE70841521}"
EndProject
Global
	GlobalSection(SolutionConfigurationPlatforms) = preSolution
		Debug|Any CPU = Debug|Any CPU
		Release|Any CPU = Release|Any CPU
	EndGlobalSection
	GlobalSection(ProjectConfigurationPlatforms) = postSolution
		{4EE384A5-A94C-4E1E-856F-591D63138ACE}.Debug|Any CPU.ActiveCfg = Debug|Any CPU
		{4EE384A5-A94C-4E1E-856F-591D63138ACE}.Debug|Any CPU.Build.0 = Debug|Any CPU
		{4EE384A5-A94C-4E1E-856F-591D63138ACE}.Release|Any CPU.ActiveCfg = Release|Any CPU
		{4EE384A5-A94C-4E1E-856F-591D63138ACE}.Release|Any CPU.Build.0 = Release|Any CPU
		{E97D5A9E-051F-467E-962A-63CE70841521}.Debug|Any CPU.ActiveCfg = Debug|Any CPU
		{E97D5A9E-051F-467E-962A-63CE70841521}.Debug|Any CPU.Build.0 = Debug|Any CPU
		{E97D5A9E-051F-467E-962A-63CE70841521}.Release|Any CPU.ActiveCfg = Release|Any CPU
		{E97D5A9E-051F-467E-962A-63CE70841521}.Release|Any CPU.Build.0 = Release|Any CPU
	EndGlobalSection
	GlobalSection(SolutionProperties) = preSolution
		HideSolutionNode = FALSE
	EndGlobalSection
EndGlobal
